
Microsoft Visual Studio Solution File, Format Version 12.00
# Visual Studio 15
VisualStudioVersion = 15.0.26430.6
MinimumVisualStudioVersion = 10.0.40219.1
Project("{FAE04EC0-301F-11D3-BF4B-00C04F79EFBC}") = "SimpleDI", ".\SimpleDI\SimpleDI.csproj", "{C353061D-283A-4C2B-94CB-3DBCEC450F4D}"
EndProject
Project("{FAE04EC0-301F-11D3-BF4B-00C04F79EFBC}") = "SimpleDI.Tests", ".\SimpleDI.Tests\SimpleDI.Tests.csproj", "{96006A3A-455A-4CEF-86E5-79AC741E5790}"
EndProject
Global
	GlobalSection(SolutionConfigurationPlatforms) = preSolution
		Debug|Any CPU = Debug|Any CPU
		Release|Any CPU = Release|Any CPU
	EndGlobalSection
	GlobalSection(ProjectConfigurationPlatforms) = postSolution
		{C353061D-283A-4C2B-94CB-3DBCEC450F4D}.Debug|Any CPU.ActiveCfg = Debug|Any CPU
		{C353061D-283A-4C2B-94CB-3DBCEC450F4D}.Debug|Any CPU.Build.0 = Debug|Any CPU
		{C353061D-283A-4C2B-94CB-3DBCEC450F4D}.Release|Any CPU.ActiveCfg = Release|Any CPU
		{C353061D-283A-4C2B-94CB-3DBCEC450F4D}.Release|Any CPU.Build.0 = Release|Any CPU
		{96006A3A-455A-4CEF-86E5-79AC741E5790}.Debug|Any CPU.ActiveCfg = Debug|Any CPU
		{96006A3A-455A-4CEF-86E5-79AC741E5790}.Debug|Any CPU.Build.0 = Debug|Any CPU
		{96006A3A-455A-4CEF-86E5-79AC741E5790}.Release|Any CPU.ActiveCfg = Release|Any CPU
		{96006A3A-455A-4CEF-86E5-79AC741E5790}.Release|Any CPU.Build.0 = Release|Any CPU
	EndGlobalSection
	GlobalSection(SolutionProperties) = preSolution
		HideSolutionNode = FALSE
	EndGlobalSection
EndGlobal
